{
  "name": "EcommerceApp",
  "lockfileVersion": 3,
  "requires": true,
  "packages": {
    "": {
      "dependencies": {
        "@mongodb-js/charts-embed-dom": "^3.2.1",
        "@tsparticles/confetti": "^3.3.0",
        "react-router-dom": "^6.22.0"
      }
    },
    "node_modules/@babel/runtime": {
      "version": "7.24.1",
      "resolved": "https://registry.npmjs.org/@babel/runtime/-/runtime-7.24.1.tgz",
      "integrity": "sha512-+BIznRzyqBf+2wCTxcKE3wDjfGeCoVE61KSHGpkzqrLi8qxqFwBeUFyId2cxkTmm55fzDGnm0+yCxaxygrLUnQ==",
      "dependencies": {
        "regenerator-runtime": "^0.14.0"
      },
      "engines": {
        "node": ">=6.9.0"
      }
    },
    "node_modules/@looker/chatty": {
      "version": "2.3.9",
      "resolved": "https://registry.npmjs.org/@looker/chatty/-/chatty-2.3.9.tgz",
      "integrity": "sha512-Zrixb6hOcEFjJ342cbrWQd7CMdaP6LmyOuzjUZvAW4l2UxNiUWh3bWN2Fpx+4FKIJhDghEl/fG3cszkFxtur4Q==",
      "dependencies": {
        "core-js": "^3.6.4",
        "debug": "^2.2.0",
        "es6-promise": "^4.2.8"
      },
      "engines": {
        "node": ">=14.0.0",
        "npm": ">=8.0.0"
      }
    },
    "node_modules/@mongodb-js/charts-embed-dom": {
      "version": "3.2.1",
      "resolved": "https://registry.npmjs.org/@mongodb-js/charts-embed-dom/-/charts-embed-dom-3.2.1.tgz",
      "integrity": "sha512-2pmhM1Vzb0bfLj9+JQDeSK22id3CQjs+NM/Tguzi8HY4bLRpxN7LaiMgTbHb4EJuCHCYjZLmE7vIiAEJD+TGhA==",
      "dependencies": {
        "@babel/runtime": "^7.12.13",
        "@looker/chatty": "^2.2.0",
        "bson": "4.5.2",
        "jsonwebtoken": "^9.0.0",
        "lodash": "^4.17.19"
      }
    },
    "node_modules/@remix-run/router": {
      "version": "1.15.0",
      "resolved": "https://registry.npmjs.org/@remix-run/router/-/router-1.15.0.tgz",
      "integrity": "sha512-HOil5aFtme37dVQTB6M34G95kPM3MMuqSmIRVCC52eKV+Y/tGSqw9P3rWhlAx6A+mz+MoX+XxsGsNJbaI5qCgQ==",
      "engines": {
        "node": ">=14.0.0"
      }
    },
    "node_modules/@tsparticles/basic": {
      "version": "3.3.0",
      "resolved": "https://registry.npmjs.org/@tsparticles/basic/-/basic-3.3.0.tgz",
      "integrity": "sha512-YB6+pFnkby6hnHhDqH2Q7+Y6Zcm7RAgZLQ8gkecHQxywD0RFItpYQfxpIf82mOTZ39NoeVdH6AF3mydgxVNAMQ==",
      "funding": [
        {
          "type": "github",
          "url": "https://github.com/sponsors/matteobruni"
        },
        {
          "type": "github",
          "url": "https://github.com/sponsors/tsparticles"
        },
        {
          "type": "buymeacoffee",
          "url": "https://www.buymeacoffee.com/matteobruni"
        }
      ],
      "dependencies": {
        "@tsparticles/engine": "^3.3.0",
        "@tsparticles/move-base": "^3.3.0",
        "@tsparticles/shape-circle": "^3.3.0",
        "@tsparticles/updater-color": "^3.3.0",
        "@tsparticles/updater-opacity": "^3.3.0",
        "@tsparticles/updater-out-modes": "^3.3.0",
        "@tsparticles/updater-size": "^3.3.0"
      }
    },
    "node_modules/@tsparticles/confetti": {
      "version": "3.3.0",
      "resolved": "https://registry.npmjs.org/@tsparticles/confetti/-/confetti-3.3.0.tgz",
      "integrity": "sha512-LgV4h9h6X8kHSeeTWmAOt3dxq9/yhDe4guybYUPqus5WvMVqDGnx9WIdKzJhdFywPaqfR0OYDdHBsHAxdHK8bQ==",
      "funding": [
        {
          "type": "github",
          "url": "https://github.com/sponsors/matteobruni"
        },
        {
          "type": "github",
          "url": "https://github.com/sponsors/tsparticles"
        },
        {
          "type": "buymeacoffee",
          "url": "https://www.buymeacoffee.com/matteobruni"
        }
      ],
      "dependencies": {
        "@tsparticles/basic": "^3.3.0",
        "@tsparticles/engine": "^3.3.0",
        "@tsparticles/plugin-emitters": "^3.3.0",
        "@tsparticles/plugin-motion": "^3.3.0",
        "@tsparticles/shape-cards": "^3.3.0",
        "@tsparticles/shape-emoji": "^3.3.0",
        "@tsparticles/shape-heart": "^3.3.0",
        "@tsparticles/shape-image": "^3.3.0",
        "@tsparticles/shape-polygon": "^3.3.0",
        "@tsparticles/shape-square": "^3.3.0",
        "@tsparticles/shape-star": "^3.3.0",
        "@tsparticles/updater-life": "^3.3.0",
        "@tsparticles/updater-roll": "^3.3.0",
        "@tsparticles/updater-rotate": "^3.3.0",
        "@tsparticles/updater-tilt": "^3.3.0",
        "@tsparticles/updater-wobble": "^3.3.0"
      }
    },
    "node_modules/@tsparticles/engine": {
      "version": "3.3.0",
      "resolved": "https://registry.npmjs.org/@tsparticles/engine/-/engine-3.3.0.tgz",
      "integrity": "sha512-Sr24epYquTelGrUbMaknXTscib8IMQJrbmShJnEemU+wpZNIPtAh09sQgGtq1pUxrGQRUSQIgaybYuXcNgk8rg==",
      "funding": [
        {
          "type": "github",
          "url": "https://github.com/sponsors/matteobruni"
        },
        {
          "type": "github",
          "url": "https://github.com/sponsors/tsparticles"
        },
        {
          "type": "buymeacoffee",
          "url": "https://www.buymeacoffee.com/matteobruni"
        }
      ],
      "hasInstallScript": true
    },
    "node_modules/@tsparticles/move-base": {
      "version": "3.3.0",
      "resolved": "https://registry.npmjs.org/@tsparticles/move-base/-/move-base-3.3.0.tgz",
      "integrity": "sha512-yxfynO0CHWYlhyXy53/HzsN8zyD+v1RX0wT9X1Wry5lgnxhJoFTAP/Pk+srgyLOdaD0WwoRjB3yA/0f/haBWkg==",
      "dependencies": {
        "@tsparticles/engine": "^3.3.0"
      }
    },
    "node_modules/@tsparticles/plugin-emitters": {
      "version": "3.3.0",
      "resolved": "https://registry.npmjs.org/@tsparticles/plugin-emitters/-/plugin-emitters-3.3.0.tgz",
      "integrity": "sha512-Ze2f47YBxjgfUHRKy0YdR+j6kGq7yrrdnbR5Ttq5d6vSjC13tFL+T14YM0tqZBr4QaZZB35UpKr3r2C4WVdDug==",
      "dependencies": {
        "@tsparticles/engine": "^3.3.0"
      }
    },
    "node_modules/@tsparticles/plugin-motion": {
      "version": "3.3.0",
      "resolved": "https://registry.npmjs.org/@tsparticles/plugin-motion/-/plugin-motion-3.3.0.tgz",
      "integrity": "sha512-N3Q+FGXObu6n1ErhfnIHgltrR2zvSsXMPLjdkgqyg6l2i1oD3ybw57siGM/th0k7m7hvJ96HmDaJrY3sUuqX6Q==",
      "dependencies": {
        "@tsparticles/engine": "^3.3.0"
      }
    },
    "node_modules/@tsparticles/shape-cards": {
      "version": "3.3.0",
      "resolved": "https://registry.npmjs.org/@tsparticles/shape-cards/-/shape-cards-3.3.0.tgz",
      "integrity": "sha512-WPiGYZJFfVaFjnzbTm5gg0HIVgy4qbwSKTjAaeVxf3J0oMiu8nFV7Ya9My2ondvDWrUeTpRem2Zzbb81yYnyZg==",
      "funding": [
        {
          "type": "github",
          "url": "https://github.com/sponsors/matteobruni"
        },
        {
          "type": "github",
          "url": "https://github.com/sponsors/tsparticles"
        },
        {
          "type": "buymeacoffee",
          "url": "https://www.buymeacoffee.com/matteobruni"
        }
      ],
      "dependencies": {
        "@tsparticles/engine": "^3.3.0"
      }
    },
    "node_modules/@tsparticles/shape-circle": {
      "version": "3.3.0",
      "resolved": "https://registry.npmjs.org/@tsparticles/shape-circle/-/shape-circle-3.3.0.tgz",
      "integrity": "sha512-m/T3SbZf8Zrn0m4Rd+8KTCMy54cofkaXa1Z7oikQYr/gPigT2C7Bo4vwQpiP8HKU+Xh5CEHFyc0s6ogfOaA2fA==",
      "dependencies": {
        "@tsparticles/engine": "^3.3.0"
      }
    },
    "node_modules/@tsparticles/shape-emoji": {
      "version": "3.3.0",
      "resolved": "https://registry.npmjs.org/@tsparticles/shape-emoji/-/shape-emoji-3.3.0.tgz",
      "integrity": "sha512-F9tl3jUTMCRzbwhpKk3t1z2d+7vbyeAoHAEeG4UdUVorO0ovaqzj16KcpfSu2wyGkPSzUKIyHX8doB9MR8DfGw==",
      "dependencies": {
        "@tsparticles/engine": "^3.3.0"
      }
    },
    "node_modules/@tsparticles/shape-heart": {
      "version": "3.3.0",
      "resolved": "https://registry.npmjs.org/@tsparticles/shape-heart/-/shape-heart-3.3.0.tgz",
      "integrity": "sha512-R47xiFP7xxbBKjYSQFcfoBxLkVZLNNhzzDFqKMz3feAUXQxLxoV8bPNVH6Sx2Xn4coxqK72lhi1tNGq3buWiTw==",
      "funding": [
        {
          "type": "github",
          "url": "https://github.com/sponsors/matteobruni"
        },
        {
          "type": "github",
          "url": "https://github.com/sponsors/tsparticles"
        },
        {
          "type": "buymeacoffee",
          "url": "https://www.buymeacoffee.com/matteobruni"
        }
      ],
      "dependencies": {
        "@tsparticles/engine": "^3.3.0"
      }
    },
    "node_modules/@tsparticles/shape-image": {
      "version": "3.3.0",
      "resolved": "https://registry.npmjs.org/@tsparticles/shape-image/-/shape-image-3.3.0.tgz",
      "integrity": "sha512-w5PHiDZjILIUEDIn10bFasY1qnSY9lwV0ekoTLGDepiS/EmyNJb0+D7gWOy/mhFlpK1637Ngbz1Axw3Zfl8ObA==",
      "dependencies": {
        "@tsparticles/engine": "^3.3.0"
      }
    },
    "node_modules/@tsparticles/shape-polygon": {
      "version": "3.3.0",
      "resolved": "https://registry.npmjs.org/@tsparticles/shape-polygon/-/shape-polygon-3.3.0.tgz",
      "integrity": "sha512-JAHKIO8Pmzft0METZn6BqTHpn9PxWXxhAlPMG0XOEuziHpvMxmTXYbJNDFlmWu9RFpAjfIeGg8zUcS1xNuGWUQ==",
      "dependencies": {
        "@tsparticles/engine": "^3.3.0"
      }
    },
    "node_modules/@tsparticles/shape-square": {
      "version": "3.3.0",
      "resolved": "https://registry.npmjs.org/@tsparticles/shape-square/-/shape-square-3.3.0.tgz",
      "integrity": "sha512-72tLkzQ5QkkhgIFy+qqdA+vmBk8VE4PuJcLJ12FVH8e3uPJDO2WiLJmnCg9MHyp26uU5CEuIalrQpZ0TX1A5PQ==",
      "dependencies": {
        "@tsparticles/engine": "^3.3.0"
      }
    },
    "node_modules/@tsparticles/shape-star": {
      "version": "3.3.0",
      "resolved": "https://registry.npmjs.org/@tsparticles/shape-star/-/shape-star-3.3.0.tgz",
      "integrity": "sha512-RX9RLuJ9oWQbOVvVyiOBdPK8dc+RLc7DaqEOxGhMTPQeGvryjdkBU/FmiG4a7KaVyZeCI2diDW4oWEkulzZIIg==",
      "dependencies": {
        "@tsparticles/engine": "^3.3.0"
      }
    },
    "node_modules/@tsparticles/updater-color": {
      "version": "3.3.0",
      "resolved": "https://registry.npmjs.org/@tsparticles/updater-color/-/updater-color-3.3.0.tgz",
      "integrity": "sha512-4ZggZr4jTXXOCLXqMXkH/jfhylf9wLt2G7D/F9ZZPihh8l8F2x0YM/JvzRePynhIFXfZaMD1PRfdXNTr6HnFFQ==",
      "dependencies": {
        "@tsparticles/engine": "^3.3.0"
      }
    },
    "node_modules/@tsparticles/updater-life": {
      "version": "3.3.0",
      "resolved": "https://registry.npmjs.org/@tsparticles/updater-life/-/updater-life-3.3.0.tgz",
      "integrity": "sha512-6DDx4FfezLmXxetVx0kFZdWKWLIPa/ujFxHto0fFIVFtjLaffJPEONoOIj6/TmAlcJ+XF2jY2Md4z6vyS6bMlA==",
      "dependencies": {
        "@tsparticles/engine": "^3.3.0"
      }
    },
    "node_modules/@tsparticles/updater-opacity": {
      "version": "3.3.0",
      "resolved": "https://registry.npmjs.org/@tsparticles/updater-opacity/-/updater-opacity-3.3.0.tgz",
      "integrity": "sha512-aQZJheqvoD69YYPiSlcRuWU7yEPs9dSmeOALP+fcaQwUQbVvr+wNJSUVkVNzeawtv4tPwou4QnytoWaBmZoqog==",
      "dependencies": {
        "@tsparticles/engine": "^3.3.0"
      }
    },
    "node_modules/@tsparticles/updater-out-modes": {
      "version": "3.3.0",
      "resolved": "https://registry.npmjs.org/@tsparticles/updater-out-modes/-/updater-out-modes-3.3.0.tgz",
      "integrity": "sha512-G+UDZO6pmBUdSeT1Y7SRXvZz2EUw5RBCF8AOQMyLntehJQgLPc+PbMCFenfjpRQCCiWQ8RSumZ040iv5CLRUug==",
      "dependencies": {
        "@tsparticles/engine": "^3.3.0"
      }
    },
    "node_modules/@tsparticles/updater-roll": {
      "version": "3.3.0",
      "resolved": "https://registry.npmjs.org/@tsparticles/updater-roll/-/updater-roll-3.3.0.tgz",
      "integrity": "sha512-z4UNZnC1/ZtXRZqMMITjqTxjs+qhggoL2W6c6AjvQ9TUyz+Ixg8tIrcPcwUu69496o9HJf6mJ4C3G9Pb9CMm7Q==",
      "dependencies": {
        "@tsparticles/engine": "^3.3.0"
      }
    },
    "node_modules/@tsparticles/updater-rotate": {
      "version": "3.3.0",
      "resolved": "https://registry.npmjs.org/@tsparticles/updater-rotate/-/updater-rotate-3.3.0.tgz",
      "integrity": "sha512-4i3+0rbvzmaNGunlK443kURoEVFeAvCY5VGNX73y8S5g94RFejtGYBUUsC/LAcCxgfxa3HgYwNTT6ypslnoNuw==",
      "dependencies": {
        "@tsparticles/engine": "^3.3.0"
      }
    },
    "node_modules/@tsparticles/updater-size": {
      "version": "3.3.0",
      "resolved": "https://registry.npmjs.org/@tsparticles/updater-size/-/updater-size-3.3.0.tgz",
      "integrity": "sha512-8s0dSh8bV4CN13oM86x1MPkI1T6KwuKPIiSdTcO1qKTcN1WBYzuuIPOU7Q3+fbQhSZ6F+da3zdG9unqU5sPYUA==",
      "dependencies": {
        "@tsparticles/engine": "^3.3.0"
      }
    },
    "node_modules/@tsparticles/updater-tilt": {
      "version": "3.3.0",
      "resolved": "https://registry.npmjs.org/@tsparticles/updater-tilt/-/updater-tilt-3.3.0.tgz",
      "integrity": "sha512-ALcz+lsdaZn3pZkBRQssF55DVVQf0nX7rXCn6dhgIcwvpTSU1Fm5wYP2Q7cr6UDOu1lOAk5BHEQaG2EgHTanMQ==",
      "dependencies": {
        "@tsparticles/engine": "^3.3.0"
      }
    },
    "node_modules/@tsparticles/updater-wobble": {
      "version": "3.3.0",
      "resolved": "https://registry.npmjs.org/@tsparticles/updater-wobble/-/updater-wobble-3.3.0.tgz",
      "integrity": "sha512-S9TpaGCWUnfFsk/ZVQVW+KrBG5mkTbbrj6lUx8OuhJmAft6v6zKVByhrMN8LIxYwr8S6mGmguOfFt/ZG2//xkw==",
      "dependencies": {
        "@tsparticles/engine": "^3.3.0"
      }
    },
    "node_modules/base64-js": {
      "version": "1.5.1",
      "resolved": "https://registry.npmjs.org/base64-js/-/base64-js-1.5.1.tgz",
      "integrity": "sha512-AKpaYlHn8t4SVbOHCy+b5+KKgvR4vrsD8vbvrbiQJps7fKDTkjkDry6ji0rUJjC0kzbNePLwzxq8iypo41qeWA==",
      "funding": [
        {
          "type": "github",
          "url": "https://github.com/sponsors/feross"
        },
        {
          "type": "patreon",
          "url": "https://www.patreon.com/feross"
        },
        {
          "type": "consulting",
          "url": "https://feross.org/support"
        }
      ]
    },
    "node_modules/bson": {
      "version": "4.5.2",
      "resolved": "https://registry.npmjs.org/bson/-/bson-4.5.2.tgz",
      "integrity": "sha512-8CEMJpwc7qlQtrn2rney38jQSEeMar847lz0LyitwRmVknAW8iHXrzW4fTjHfyWm0E3sukyD/zppdH+QU1QefA==",
      "dependencies": {
        "buffer": "^5.6.0"
      },
      "engines": {
        "node": ">=6.9.0"
      }
    },
    "node_modules/buffer": {
      "version": "5.7.1",
      "resolved": "https://registry.npmjs.org/buffer/-/buffer-5.7.1.tgz",
      "integrity": "sha512-EHcyIPBQ4BSGlvjB16k5KgAJ27CIsHY/2JBmCRReo48y9rQ3MaUzWX3KVlBa4U7MyX02HdVj0K7C3WaB3ju7FQ==",
      "funding": [
        {
          "type": "github",
          "url": "https://github.com/sponsors/feross"
        },
        {
          "type": "patreon",
          "url": "https://www.patreon.com/feross"
        },
        {
          "type": "consulting",
          "url": "https://feross.org/support"
        }
      ],
      "dependencies": {
        "base64-js": "^1.3.1",
        "ieee754": "^1.1.13"
      }
    },
    "node_modules/buffer-equal-constant-time": {
      "version": "1.0.1",
      "resolved": "https://registry.npmjs.org/buffer-equal-constant-time/-/buffer-equal-constant-time-1.0.1.tgz",
      "integrity": "sha512-zRpUiDwd/xk6ADqPMATG8vc9VPrkck7T07OIx0gnjmJAnHnTVXNQG3vfvWNuiZIkwu9KrKdA1iJKfsfTVxE6NA=="
    },
    "node_modules/core-js": {
      "version": "3.36.1",
      "resolved": "https://registry.npmjs.org/core-js/-/core-js-3.36.1.tgz",
      "integrity": "sha512-BTvUrwxVBezj5SZ3f10ImnX2oRByMxql3EimVqMysepbC9EeMUOpLwdy6Eoili2x6E4kf+ZUB5k/+Jv55alPfA==",
      "hasInstallScript": true,
      "funding": {
        "type": "opencollective",
        "url": "https://opencollective.com/core-js"
      }
    },
    "node_modules/debug": {
      "version": "2.6.9",
      "resolved": "https://registry.npmjs.org/debug/-/debug-2.6.9.tgz",
      "integrity": "sha512-bC7ElrdJaJnPbAP+1EotYvqZsb3ecl5wi6Bfi6BJTUcNowp6cvspg0jXznRTKDjm/E7AdgFBVeAPVMNcKGsHMA==",
      "dependencies": {
        "ms": "2.0.0"
      }
    },
    "node_modules/ecdsa-sig-formatter": {
      "version": "1.0.11",
      "resolved": "https://registry.npmjs.org/ecdsa-sig-formatter/-/ecdsa-sig-formatter-1.0.11.tgz",
      "integrity": "sha512-nagl3RYrbNv6kQkeJIpt6NJZy8twLB/2vtz6yN9Z4vRKHN4/QZJIEbqohALSgwKdnksuY3k5Addp5lg8sVoVcQ==",
      "dependencies": {
        "safe-buffer": "^5.0.1"
      }
    },
    "node_modules/es6-promise": {
      "version": "4.2.8",
      "resolved": "https://registry.npmjs.org/es6-promise/-/es6-promise-4.2.8.tgz",
      "integrity": "sha512-HJDGx5daxeIvxdBxvG2cb9g4tEvwIk3i8+nhX0yGrYmZUzbkdg8QbDevheDB8gd0//uPj4c1EQua8Q+MViT0/w=="
    },
    "node_modules/ieee754": {
      "version": "1.2.1",
      "resolved": "https://registry.npmjs.org/ieee754/-/ieee754-1.2.1.tgz",
      "integrity": "sha512-dcyqhDvX1C46lXZcVqCpK+FtMRQVdIMN6/Df5js2zouUsqG7I6sFxitIC+7KYK29KdXOLHdu9zL4sFnoVQnqaA==",
      "funding": [
        {
          "type": "github",
          "url": "https://github.com/sponsors/feross"
        },
        {
          "type": "patreon",
          "url": "https://www.patreon.com/feross"
        },
        {
          "type": "consulting",
          "url": "https://feross.org/support"
        }
      ]
    },
    "node_modules/js-tokens": {
      "version": "4.0.0",
      "resolved": "https://registry.npmjs.org/js-tokens/-/js-tokens-4.0.0.tgz",
      "integrity": "sha512-RdJUflcE3cUzKiMqQgsCu06FPu9UdIJO0beYbPhHN4k6apgJtifcoCtT9bcxOpYBtpD2kCM6Sbzg4CausW/PKQ==",
      "peer": true
    },
    "node_modules/jsonwebtoken": {
      "version": "9.0.2",
      "resolved": "https://registry.npmjs.org/jsonwebtoken/-/jsonwebtoken-9.0.2.tgz",
      "integrity": "sha512-PRp66vJ865SSqOlgqS8hujT5U4AOgMfhrwYIuIhfKaoSCZcirrmASQr8CX7cUg+RMih+hgznrjp99o+W4pJLHQ==",
      "dependencies": {
        "jws": "^3.2.2",
        "lodash.includes": "^4.3.0",
        "lodash.isboolean": "^3.0.3",
        "lodash.isinteger": "^4.0.4",
        "lodash.isnumber": "^3.0.3",
        "lodash.isplainobject": "^4.0.6",
        "lodash.isstring": "^4.0.1",
        "lodash.once": "^4.0.0",
        "ms": "^2.1.1",
        "semver": "^7.5.4"
      },
      "engines": {
        "node": ">=12",
        "npm": ">=6"
      }
    },
    "node_modules/jsonwebtoken/node_modules/ms": {
      "version": "2.1.3",
      "resolved": "https://registry.npmjs.org/ms/-/ms-2.1.3.tgz",
      "integrity": "sha512-6FlzubTLZG3J2a/NVCAleEhjzq5oxgHyaCU9yYXvcLsvoVaHJq/s5xXI6/XXP6tz7R9xAOtHnSO/tXtF3WRTlA=="
    },
    "node_modules/jwa": {
      "version": "1.4.1",
      "resolved": "https://registry.npmjs.org/jwa/-/jwa-1.4.1.tgz",
      "integrity": "sha512-qiLX/xhEEFKUAJ6FiBMbes3w9ATzyk5W7Hvzpa/SLYdxNtng+gcurvrI7TbACjIXlsJyr05/S1oUhZrc63evQA==",
      "dependencies": {
        "buffer-equal-constant-time": "1.0.1",
        "ecdsa-sig-formatter": "1.0.11",
        "safe-buffer": "^5.0.1"
      }
    },
    "node_modules/jws": {
      "version": "3.2.2",
      "resolved": "https://registry.npmjs.org/jws/-/jws-3.2.2.tgz",
      "integrity": "sha512-YHlZCB6lMTllWDtSPHz/ZXTsi8S00usEV6v1tjq8tOUZzw7DpSDWVXjXDre6ed1w/pd495ODpHZYSdkRTsa0HA==",
      "dependencies": {
        "jwa": "^1.4.1",
        "safe-buffer": "^5.0.1"
      }
    },
    "node_modules/lodash": {
      "version": "4.17.21",
      "resolved": "https://registry.npmjs.org/lodash/-/lodash-4.17.21.tgz",
      "integrity": "sha512-v2kDEe57lecTulaDIuNTPy3Ry4gLGJ6Z1O3vE1krgXZNrsQ+LFTGHVxVjcXPs17LhbZVGedAJv8XZ1tvj5FvSg=="
    },
    "node_modules/lodash.includes": {
      "version": "4.3.0",
      "resolved": "https://registry.npmjs.org/lodash.includes/-/lodash.includes-4.3.0.tgz",
      "integrity": "sha512-W3Bx6mdkRTGtlJISOvVD/lbqjTlPPUDTMnlXZFnVwi9NKJ6tiAk6LVdlhZMm17VZisqhKcgzpO5Wz91PCt5b0w=="
    },
    "node_modules/lodash.isboolean": {
      "version": "3.0.3",
      "resolved": "https://registry.npmjs.org/lodash.isboolean/-/lodash.isboolean-3.0.3.tgz",
      "integrity": "sha512-Bz5mupy2SVbPHURB98VAcw+aHh4vRV5IPNhILUCsOzRmsTmSQ17jIuqopAentWoehktxGd9e/hbIXq980/1QJg=="
    },
    "node_modules/lodash.isinteger": {
      "version": "4.0.4",
      "resolved": "https://registry.npmjs.org/lodash.isinteger/-/lodash.isinteger-4.0.4.tgz",
      "integrity": "sha512-DBwtEWN2caHQ9/imiNeEA5ys1JoRtRfY3d7V9wkqtbycnAmTvRRmbHKDV4a0EYc678/dia0jrte4tjYwVBaZUA=="
    },
    "node_modules/lodash.isnumber": {
      "version": "3.0.3",
      "resolved": "https://registry.npmjs.org/lodash.isnumber/-/lodash.isnumber-3.0.3.tgz",
      "integrity": "sha512-QYqzpfwO3/CWf3XP+Z+tkQsfaLL/EnUlXWVkIk5FUPc4sBdTehEqZONuyRt2P67PXAk+NXmTBcc97zw9t1FQrw=="
    },
    "node_modules/lodash.isplainobject": {
      "version": "4.0.6",
      "resolved": "https://registry.npmjs.org/lodash.isplainobject/-/lodash.isplainobject-4.0.6.tgz",
      "integrity": "sha512-oSXzaWypCMHkPC3NvBEaPHf0KsA5mvPrOPgQWDsbg8n7orZ290M0BmC/jgRZ4vcJ6DTAhjrsSYgdsW/F+MFOBA=="
    },
    "node_modules/lodash.isstring": {
      "version": "4.0.1",
      "resolved": "https://registry.npmjs.org/lodash.isstring/-/lodash.isstring-4.0.1.tgz",
      "integrity": "sha512-0wJxfxH1wgO3GrbuP+dTTk7op+6L41QCXbGINEmD+ny/G/eCqGzxyCsh7159S+mgDDcoarnBw6PC1PS5+wUGgw=="
    },
    "node_modules/lodash.once": {
      "version": "4.1.1",
      "resolved": "https://registry.npmjs.org/lodash.once/-/lodash.once-4.1.1.tgz",
      "integrity": "sha512-Sb487aTOCr9drQVL8pIxOzVhafOjZN9UU54hiN8PU3uAiSV7lx1yYNpbNmex2PK6dSJoNTSJUUswT651yww3Mg=="
    },
    "node_modules/loose-envify": {
      "version": "1.4.0",
      "resolved": "https://registry.npmjs.org/loose-envify/-/loose-envify-1.4.0.tgz",
      "integrity": "sha512-lyuxPGr/Wfhrlem2CL/UcnUc1zcqKAImBDzukY7Y5F/yQiNdko6+fRLevlw1HgMySw7f611UIY408EtxRSoK3Q==",
      "peer": true,
      "dependencies": {
        "js-tokens": "^3.0.0 || ^4.0.0"
      },
      "bin": {
        "loose-envify": "cli.js"
      }
    },
    "node_modules/lru-cache": {
      "version": "6.0.0",
      "resolved": "https://registry.npmjs.org/lru-cache/-/lru-cache-6.0.0.tgz",
      "integrity": "sha512-Jo6dJ04CmSjuznwJSS3pUeWmd/H0ffTlkXXgwZi+eq1UCmqQwCh+eLsYOYCwY991i2Fah4h1BEMCx4qThGbsiA==",
      "dependencies": {
        "yallist": "^4.0.0"
      },
      "engines": {
        "node": ">=10"
      }
    },
    "node_modules/ms": {
      "version": "2.0.0",
      "resolved": "https://registry.npmjs.org/ms/-/ms-2.0.0.tgz",
      "integrity": "sha512-Tpp60P6IUJDTuOq/5Z8cdskzJujfwqfOTkrwIwj7IRISpnkJnT6SyJ4PCPnGMoFjC9ddhal5KVIYtAt97ix05A=="
    },
    "node_modules/react": {
      "version": "18.2.0",
      "resolved": "https://registry.npmjs.org/react/-/react-18.2.0.tgz",
      "integrity": "sha512-/3IjMdb2L9QbBdWiW5e3P2/npwMBaU9mHCSCUzNln0ZCYbcfTsGbTJrU/kGemdH2IWmB2ioZ+zkxtmq6g09fGQ==",
      "peer": true,
      "dependencies": {
        "loose-envify": "^1.1.0"
      },
      "engines": {
        "node": ">=0.10.0"
      }
    },
    "node_modules/react-dom": {
      "version": "18.2.0",
      "resolved": "https://registry.npmjs.org/react-dom/-/react-dom-18.2.0.tgz",
      "integrity": "sha512-6IMTriUmvsjHUjNtEDudZfuDQUoWXVxKHhlEGSk81n4YFS+r/Kl99wXiwlVXtPBtJenozv2P+hxDsw9eA7Xo6g==",
      "peer": true,
      "dependencies": {
        "loose-envify": "^1.1.0",
        "scheduler": "^0.23.0"
      },
      "peerDependencies": {
        "react": "^18.2.0"
      }
    },
    "node_modules/react-router": {
      "version": "6.22.0",
      "resolved": "https://registry.npmjs.org/react-router/-/react-router-6.22.0.tgz",
      "integrity": "sha512-q2yemJeg6gw/YixRlRnVx6IRJWZD6fonnfZhN1JIOhV2iJCPeRNSH3V1ISwHf+JWcESzLC3BOLD1T07tmO5dmg==",
      "dependencies": {
        "@remix-run/router": "1.15.0"
      },
      "engines": {
        "node": ">=14.0.0"
      },
      "peerDependencies": {
        "react": ">=16.8"
      }
    },
    "node_modules/react-router-dom": {
      "version": "6.22.0",
      "resolved": "https://registry.npmjs.org/react-router-dom/-/react-router-dom-6.22.0.tgz",
      "integrity": "sha512-z2w+M4tH5wlcLmH3BMMOMdrtrJ9T3oJJNsAlBJbwk+8Syxd5WFJ7J5dxMEW0/GEXD1BBis4uXRrNIz3mORr0ag==",
      "dependencies": {
        "@remix-run/router": "1.15.0",
        "react-router": "6.22.0"
      },
      "engines": {
        "node": ">=14.0.0"
      },
      "peerDependencies": {
        "react": ">=16.8",
        "react-dom": ">=16.8"
      }
    },
    "node_modules/regenerator-runtime": {
      "version": "0.14.1",
      "resolved": "https://registry.npmjs.org/regenerator-runtime/-/regenerator-runtime-0.14.1.tgz",
      "integrity": "sha512-dYnhHh0nJoMfnkZs6GmmhFknAGRrLznOu5nc9ML+EJxGvrx6H7teuevqVqCuPcPK//3eDrrjQhehXVx9cnkGdw=="
    },
    "node_modules/safe-buffer": {
      "version": "5.2.1",
      "resolved": "https://registry.npmjs.org/safe-buffer/-/safe-buffer-5.2.1.tgz",
      "integrity": "sha512-rp3So07KcdmmKbGvgaNxQSJr7bGVSVk5S9Eq1F+ppbRo70+YeaDxkw5Dd8NPN+GD6bjnYm2VuPuCXmpuYvmCXQ==",
      "funding": [
        {
          "type": "github",
          "url": "https://github.com/sponsors/feross"
        },
        {
          "type": "patreon",
          "url": "https://www.patreon.com/feross"
        },
        {
          "type": "consulting",
          "url": "https://feross.org/support"
        }
      ]
    },
    "node_modules/scheduler": {
      "version": "0.23.0",
      "resolved": "https://registry.npmjs.org/scheduler/-/scheduler-0.23.0.tgz",
      "integrity": "sha512-CtuThmgHNg7zIZWAXi3AsyIzA3n4xx7aNyjwC2VJldO2LMVDhFK+63xGqq6CsJH4rTAt6/M+N4GhZiDYPx9eUw==",
      "peer": true,
      "dependencies": {
        "loose-envify": "^1.1.0"
      }
    },
    "node_modules/semver": {
      "version": "7.6.0",
      "resolved": "https://registry.npmjs.org/semver/-/semver-7.6.0.tgz",
      "integrity": "sha512-EnwXhrlwXMk9gKu5/flx5sv/an57AkRplG3hTK68W7FRDN+k+OWBj65M7719OkA82XLBxrcX0KSHj+X5COhOVg==",
      "dependencies": {
        "lru-cache": "^6.0.0"
      },
      "bin": {
        "semver": "bin/semver.js"
      },
      "engines": {
        "node": ">=10"
      }
    },
    "node_modules/yallist": {
      "version": "4.0.0",
      "resolved": "https://registry.npmjs.org/yallist/-/yallist-4.0.0.tgz",
      "integrity": "sha512-3wdGidZyq5PB084XLES5TpOSRA3wjXAlIWMhum2kRcv/41Sn2emQ0dycQW4uZXLejwKvg6EsvbdlVL+FYEct7A=="
    }
  }
}
